
Microsoft Visual Studio Solution File, Format Version 12.00
# Visual Studio Version 16
VisualStudioVersion = 16.0.30907.101
MinimumVisualStudioVersion = 10.0.40219.1
Project("{FAE04EC0-301F-11D3-BF4B-00C04F79EFBC}") = "cop_mobile.Android", "cop_mobile\cop_mobile.Android\cop_mobile.Android.csproj", "{6C758AAE-7C24-4EE4-B425-6BA48C5A014F}"
EndProject
Project("{FAE04EC0-301F-11D3-BF4B-00C04F79EFBC}") = "cop_mobile.iOS", "cop_mobile\cop_mobile.iOS\cop_mobile.iOS.csproj", "{DC17E974-5DF2-4E6C-9C5C-26A6680FD13A}"
EndProject
Project("{FAE04EC0-301F-11D3-BF4B-00C04F79EFBC}") = "cop_mobile", "cop_mobile\cop_mobile\cop_mobile.csproj", "{F98513B0-326F-4889-BD30-96A3F59116BE}"
EndProject
Global
	GlobalSection(SolutionConfigurationPlatforms) = preSolution
		Debug|Any CPU = Debug|Any CPU
		Debug|iPhone = Debug|iPhone
		Debug|iPhoneSimulator = Debug|iPhoneSimulator
		Release|Any CPU = Release|Any CPU
		Release|iPhone = Release|iPhone
		Release|iPhoneSimulator = Release|iPhoneSimulator
	EndGlobalSection
	GlobalSection(ProjectConfigurationPlatforms) = postSolution
		{6C758AAE-7C24-4EE4-B425-6BA48C5A014F}.Debug|Any CPU.ActiveCfg = Debug|Any CPU
		{6C758AAE-7C24-4EE4-B425-6BA48C5A014F}.Debug|Any CPU.Build.0 = Debug|Any CPU
		{6C758AAE-7C24-4EE4-B425-6BA48C5A014F}.Debug|Any CPU.Deploy.0 = Debug|Any CPU
		{6C758AAE-7C24-4EE4-B425-6BA48C5A014F}.Debug|iPhone.ActiveCfg = Debug|Any CPU
		{6C758AAE-7C24-4EE4-B425-6BA48C5A014F}.Debug|iPhone.Build.0 = Debug|Any CPU
		{6C758AAE-7C24-4EE4-B425-6BA48C5A014F}.Debug|iPhone.Deploy.0 = Debug|Any CPU
		{6C758AAE-7C24-4EE4-B425-6BA48C5A014F}.Debug|iPhoneSimulator.ActiveCfg = Debug|Any CPU
		{6C758AAE-7C24-4EE4-B425-6BA48C5A014F}.Debug|iPhoneSimulator.Build.0 = Debug|Any CPU
		{6C758AAE-7C24-4EE4-B425-6BA48C5A014F}.Debug|iPhoneSimulator.Deploy.0 = Debug|Any CPU
		{6C758AAE-7C24-4EE4-B425-6BA48C5A014F}.Release|Any CPU.ActiveCfg = Release|Any CPU
		{6C758AAE-7C24-4EE4-B425-6BA48C5A014F}.Release|Any CPU.Build.0 = Release|Any CPU
		{6C758AAE-7C24-4EE4-B425-6BA48C5A014F}.Release|Any CPU.Deploy.0 = Release|Any CPU
		{6C758AAE-7C24-4EE4-B425-6BA48C5A014F}.Release|iPhone.ActiveCfg = Release|Any CPU
		{6C758AAE-7C24-4EE4-B425-6BA48C5A014F}.Release|iPhone.Build.0 = Release|Any CPU
		{6C758AAE-7C24-4EE4-B425-6BA48C5A014F}.Release|iPhone.Deploy.0 = Release|Any CPU
		{6C758AAE-7C24-4EE4-B425-6BA48C5A014F}.Release|iPhoneSimulator.ActiveCfg = Release|Any CPU
		{6C758AAE-7C24-4EE4-B425-6BA48C5A014F}.Release|iPhoneSimulator.Build.0 = Release|Any CPU
		{6C758AAE-7C24-4EE4-B425-6BA48C5A014F}.Release|iPhoneSimulator.Deploy.0 = Release|Any CPU
		{DC17E974-5DF2-4E6C-9C5C-26A6680FD13A}.Debug|Any CPU.ActiveCfg = Debug|iPhone
		{DC17E974-5DF2-4E6C-9C5C-26A6680FD13A}.Debug|Any CPU.Build.0 = Debug|iPhone
		{DC17E974-5DF2-4E6C-9C5C-26A6680FD13A}.Debug|Any CPU.Deploy.0 = Debug|iPhone
		{DC17E974-5DF2-4E6C-9C5C-26A6680FD13A}.Debug|iPhone.ActiveCfg = Debug|iPhone
		{DC17E974-5DF2-4E6C-9C5C-26A6680FD13A}.Debug|iPhone.Build.0 = Debug|iPhone
		{DC17E974-5DF2-4E6C-9C5C-26A6680FD13A}.Debug|iPhone.Deploy.0 = Debug|iPhone
		{DC17E974-5DF2-4E6C-9C5C-26A6680FD13A}.Debug|iPhoneSimulator.ActiveCfg = Debug|iPhoneSimulator
		{DC17E974-5DF2-4E6C-9C5C-26A6680FD13A}.Debug|iPhoneSimulator.Build.0 = Debug|iPhoneSimulator
		{DC17E974-5DF2-4E6C-9C5C-26A6680FD13A}.Debug|iPhoneSimulator.Deploy.0 = Debug|iPhoneSimulator
		{DC17E974-5DF2-4E6C-9C5C-26A6680FD13A}.Release|Any CPU.ActiveCfg = Release|iPhoneSimulator
		{DC17E974-5DF2-4E6C-9C5C-26A6680FD13A}.Release|Any CPU.Build.0 = Release|iPhoneSimulator
		{DC17E974-5DF2-4E6C-9C5C-26A6680FD13A}.Release|Any CPU.Deploy.0 = Release|iPhoneSimulator
		{DC17E974-5DF2-4E6C-9C5C-26A6680FD13A}.Release|iPhone.ActiveCfg = Release|iPhone
		{DC17E974-5DF2-4E6C-9C5C-26A6680FD13A}.Release|iPhone.Build.0 = Release|iPhone
		{DC17E974-5DF2-4E6C-9C5C-26A6680FD13A}.Release|iPhone.Deploy.0 = Release|iPhone
		{DC17E974-5DF2-4E6C-9C5C-26A6680FD13A}.Release|iPhoneSimulator.ActiveCfg = Release|iPhoneSimulator
		{DC17E974-5DF2-4E6C-9C5C-26A6680FD13A}.Release|iPhoneSimulator.Build.0 = Release|iPhoneSimulator
		{DC17E974-5DF2-4E6C-9C5C-26A6680FD13A}.Release|iPhoneSimulator.Deploy.0 = Release|iPhoneSimulator
		{F98513B0-326F-4889-BD30-96A3F59116BE}.Debug|Any CPU.ActiveCfg = Debug|Any CPU
		{F98513B0-326F-4889-BD30-96A3F59116BE}.Debug|Any CPU.Build.0 = Debug|Any CPU
		{F98513B0-326F-4889-BD30-96A3F59116BE}.Debug|Any CPU.Deploy.0 = Debug|Any CPU
		{F98513B0-326F-4889-BD30-96A3F59116BE}.Debug|iPhone.ActiveCfg = Debug|Any CPU
		{F98513B0-326F-4889-BD30-96A3F59116BE}.Debug|iPhone.Build.0 = Debug|Any CPU
		{F98513B0-326F-4889-BD30-96A3F59116BE}.Debug|iPhone.Deploy.0 = Debug|Any CPU
		{F98513B0-326F-4889-BD30-96A3F59116BE}.Debug|iPhoneSimulator.ActiveCfg = Debug|Any CPU
		{F98513B0-326F-4889-BD30-96A3F59116BE}.Debug|iPhoneSimulator.Build.0 = Debug|Any CPU
		{F98513B0-326F-4889-BD30-96A3F59116BE}.Debug|iPhoneSimulator.Deploy.0 = Debug|Any CPU
		{F98513B0-326F-4889-BD30-96A3F59116BE}.Release|Any CPU.ActiveCfg = Release|Any CPU
		{F98513B0-326F-4889-BD30-96A3F59116BE}.Release|Any CPU.Build.0 = Release|Any CPU
		{F98513B0-326F-4889-BD30-96A3F59116BE}.Release|Any CPU.Deploy.0 = Release|Any CPU
		{F98513B0-326F-4889-BD30-96A3F59116BE}.Release|iPhone.ActiveCfg = Release|Any CPU
		{F98513B0-326F-4889-BD30-96A3F59116BE}.Release|iPhone.Build.0 = Release|Any CPU
		{F98513B0-326F-4889-BD30-96A3F59116BE}.Release|iPhone.Deploy.0 = Release|Any CPU
		{F98513B0-326F-4889-BD30-96A3F59116BE}.Release|iPhoneSimulator.ActiveCfg = Release|Any CPU
		{F98513B0-326F-4889-BD30-96A3F59116BE}.Release|iPhoneSimulator.Build.0 = Release|Any CPU
		{F98513B0-326F-4889-BD30-96A3F59116BE}.Release|iPhoneSimulator.Deploy.0 = Release|Any CPU
	EndGlobalSection
	GlobalSection(SolutionProperties) = preSolution
		HideSolutionNode = FALSE
	EndGlobalSection
	GlobalSection(ExtensibilityGlobals) = postSolution
		SolutionGuid = {05EFB2B4-31CA-412C-A031-F6304EBA995F}
	EndGlobalSection
EndGlobal
